
Microsoft Visual Studio Solution File, Format Version 12.00
# Visual Studio Version 17
VisualStudioVersion = 17.10.34928.147
MinimumVisualStudioVersion = 10.0.40219.1
Project("{FAE04EC0-301F-11D3-BF4B-00C04F79EFBC}") = "Hospital_Project", "Hospital_Project\Hospital_Project.csproj", "{290BEE77-CE5A-4C52-B755-EBD07A1E29F6}"
EndProject
Global
	GlobalSection(SolutionConfigurationPlatforms) = preSolution
		Debug|Any CPU = Debug|Any CPU
		Release|Any CPU = Release|Any CPU
	EndGlobalSection
	GlobalSection(ProjectConfigurationPlatforms) = postSolution
		{290BEE77-CE5A-4C52-B755-EBD07A1E29F6}.Debug|Any CPU.ActiveCfg = Debug|Any CPU
		{290BEE77-CE5A-4C52-B755-EBD07A1E29F6}.Debug|Any CPU.Build.0 = Debug|Any CPU
		{290BEE77-CE5A-4C52-B755-EBD07A1E29F6}.Release|Any CPU.ActiveCfg = Release|Any CPU
		{290BEE77-CE5A-4C52-B755-EBD07A1E29F6}.Release|Any CPU.Build.0 = Release|Any CPU
	EndGlobalSection
	GlobalSection(SolutionProperties) = preSolution
		HideSolutionNode = FALSE
	EndGlobalSection
	GlobalSection(ExtensibilityGlobals) = postSolution
		SolutionGuid = {8C05A325-C5A3-46D9-81F8-3AA05BF4030B}
	EndGlobalSection
EndGlobal
